
Microsoft Visual Studio Solution File, Format Version 12.00
# Visual Studio 15
VisualStudioVersion = 15.0.28010.2046
MinimumVisualStudioVersion = 10.0.40219.1
Project("{6EC3EE1D-3C4E-46DD-8F32-0CC8E7565705}") = "EjemploParserJs", "EjemploParserJs.fsproj", "{93054354-F5BD-4658-A74E-937800DED14A}"
EndProject
Global
	GlobalSection(SolutionConfigurationPlatforms) = preSolution
		Debug|Any CPU = Debug|Any CPU
		Release|Any CPU = Release|Any CPU
	EndGlobalSection
	GlobalSection(ProjectConfigurationPlatforms) = postSolution
		{93054354-F5BD-4658-A74E-937800DED14A}.Debug|Any CPU.ActiveCfg = Debug|Any CPU
		{93054354-F5BD-4658-A74E-937800DED14A}.Debug|Any CPU.Build.0 = Debug|Any CPU
		{93054354-F5BD-4658-A74E-937800DED14A}.Release|Any CPU.ActiveCfg = Release|Any CPU
		{93054354-F5BD-4658-A74E-937800DED14A}.Release|Any CPU.Build.0 = Release|Any CPU
	EndGlobalSection
	GlobalSection(SolutionProperties) = preSolution
		HideSolutionNode = FALSE
	EndGlobalSection
	GlobalSection(ExtensibilityGlobals) = postSolution
		SolutionGuid = {7181F788-95D3-48D9-9592-C292EE4959F2}
	EndGlobalSection
EndGlobal
